PODS:
  - ManticoreGenerated (0.0.1):
    - ManticoreNative (~> 1.0.0)
  - ManticoreNative (1.0.0)

DEPENDENCIES:
  - ManticoreGenerated (from `generated/`)
  - ManticoreNative (from `../../../../`)

EXTERNAL SOURCES:
  ManticoreGenerated:
    :path: generated/
  ManticoreNative:
    :path: ../../../../

SPEC CHECKSUMS:
  ManticoreGenerated: b3c7f6f86b9520e1db04d9a43d56fbf32eaf4fa0
  ManticoreNative: 52236cbc64b97cb969487246c225fc453479de8f

PODFILE CHECKSUM: c32aa9fa430fb8873e795ff5eb679b99a0641955

COCOAPODS: 1.0.1
